
Microsoft Visual Studio Solution File, Format Version 12.00
# Visual Studio Version 17
VisualStudioVersion = 17.14.36127.28 d17.14
MinimumVisualStudioVersion = 10.0.40219.1
Project("{FAE04EC0-301F-11D3-BF4B-00C04F79EFBC}") = "11-Atividade", "11-Atividade\11-Atividade.csproj", "{22BE4990-A4F6-4107-A8E4-13227E06B896}"
EndProject
Global
	GlobalSection(SolutionConfigurationPlatforms) = preSolution
		Debug|Any CPU = Debug|Any CPU
		Release|Any CPU = Release|Any CPU
	EndGlobalSection
	GlobalSection(ProjectConfigurationPlatforms) = postSolution
		{22BE4990-A4F6-4107-A8E4-13227E06B896}.Debug|Any CPU.ActiveCfg = Debug|Any CPU
		{22BE4990-A4F6-4107-A8E4-13227E06B896}.Debug|Any CPU.Build.0 = Debug|Any CPU
		{22BE4990-A4F6-4107-A8E4-13227E06B896}.Release|Any CPU.ActiveCfg = Release|Any CPU
		{22BE4990-A4F6-4107-A8E4-13227E06B896}.Release|Any CPU.Build.0 = Release|Any CPU
	EndGlobalSection
	GlobalSection(SolutionProperties) = preSolution
		HideSolutionNode = FALSE
	EndGlobalSection
	GlobalSection(ExtensibilityGlobals) = postSolution
		SolutionGuid = {14126B74-944D-492D-8AAF-4F961F55E01D}
	EndGlobalSection
EndGlobal
