
Microsoft Visual Studio Solution File, Format Version 12.00
# Visual Studio Version 17
VisualStudioVersion = 17.14.36127.28 d17.14
MinimumVisualStudioVersion = 10.0.40219.1
Project("{FAE04EC0-301F-11D3-BF4B-00C04F79EFBC}") = "04-EXTRA", "04-EXTRA\04-EXTRA.csproj", "{995D38E8-FCBE-47CB-B4E7-1B8534C12DCE}"
EndProject
Global
	GlobalSection(SolutionConfigurationPlatforms) = preSolution
		Debug|Any CPU = Debug|Any CPU
		Release|Any CPU = Release|Any CPU
	EndGlobalSection
	GlobalSection(ProjectConfigurationPlatforms) = postSolution
		{995D38E8-FCBE-47CB-B4E7-1B8534C12DCE}.Debug|Any CPU.ActiveCfg = Debug|Any CPU
		{995D38E8-FCBE-47CB-B4E7-1B8534C12DCE}.Debug|Any CPU.Build.0 = Debug|Any CPU
		{995D38E8-FCBE-47CB-B4E7-1B8534C12DCE}.Release|Any CPU.ActiveCfg = Release|Any CPU
		{995D38E8-FCBE-47CB-B4E7-1B8534C12DCE}.Release|Any CPU.Build.0 = Release|Any CPU
	EndGlobalSection
	GlobalSection(SolutionProperties) = preSolution
		HideSolutionNode = FALSE
	EndGlobalSection
	GlobalSection(ExtensibilityGlobals) = postSolution
		SolutionGuid = {DD97EB2C-CDCF-4626-8D89-08B933C42CD5}
	EndGlobalSection
EndGlobal
