
Microsoft Visual Studio Solution File, Format Version 12.00
# Visual Studio Version 17
VisualStudioVersion = 17.14.36127.28 d17.14
MinimumVisualStudioVersion = 10.0.40219.1
Project("{FAE04EC0-301F-11D3-BF4B-00C04F79EFBC}") = "02-Atividade", "02-Atividade\02-Atividade.csproj", "{4BEEB9FC-94BF-4D67-8BAA-595D1F038ABD}"
EndProject
Global
	GlobalSection(SolutionConfigurationPlatforms) = preSolution
		Debug|Any CPU = Debug|Any CPU
		Release|Any CPU = Release|Any CPU
	EndGlobalSection
	GlobalSection(ProjectConfigurationPlatforms) = postSolution
		{4BEEB9FC-94BF-4D67-8BAA-595D1F038ABD}.Debug|Any CPU.ActiveCfg = Debug|Any CPU
		{4BEEB9FC-94BF-4D67-8BAA-595D1F038ABD}.Debug|Any CPU.Build.0 = Debug|Any CPU
		{4BEEB9FC-94BF-4D67-8BAA-595D1F038ABD}.Release|Any CPU.ActiveCfg = Release|Any CPU
		{4BEEB9FC-94BF-4D67-8BAA-595D1F038ABD}.Release|Any CPU.Build.0 = Release|Any CPU
	EndGlobalSection
	GlobalSection(SolutionProperties) = preSolution
		HideSolutionNode = FALSE
	EndGlobalSection
	GlobalSection(ExtensibilityGlobals) = postSolution
		SolutionGuid = {B5BEBA1A-56E7-480B-A5B8-D3164D8B987A}
	EndGlobalSection
EndGlobal
