
Microsoft Visual Studio Solution File, Format Version 12.00
# Visual Studio Version 17
VisualStudioVersion = 17.14.36127.28 d17.14
MinimumVisualStudioVersion = 10.0.40219.1
Project("{FAE04EC0-301F-11D3-BF4B-00C04F79EFBC}") = "12-Atividade", "12-Atividade\12-Atividade.csproj", "{50F10687-2BCE-4E58-8C35-42E8620D70E0}"
EndProject
Global
	GlobalSection(SolutionConfigurationPlatforms) = preSolution
		Debug|Any CPU = Debug|Any CPU
		Release|Any CPU = Release|Any CPU
	EndGlobalSection
	GlobalSection(ProjectConfigurationPlatforms) = postSolution
		{50F10687-2BCE-4E58-8C35-42E8620D70E0}.Debug|Any CPU.ActiveCfg = Debug|Any CPU
		{50F10687-2BCE-4E58-8C35-42E8620D70E0}.Debug|Any CPU.Build.0 = Debug|Any CPU
		{50F10687-2BCE-4E58-8C35-42E8620D70E0}.Release|Any CPU.ActiveCfg = Release|Any CPU
		{50F10687-2BCE-4E58-8C35-42E8620D70E0}.Release|Any CPU.Build.0 = Release|Any CPU
	EndGlobalSection
	GlobalSection(SolutionProperties) = preSolution
		HideSolutionNode = FALSE
	EndGlobalSection
	GlobalSection(ExtensibilityGlobals) = postSolution
		SolutionGuid = {7B3EEA2F-C1D3-4B9E-9609-A9D83DFEB83D}
	EndGlobalSection
EndGlobal
