
Microsoft Visual Studio Solution File, Format Version 12.00
# Visual Studio Version 17
VisualStudioVersion = 17.14.36127.28 d17.14
MinimumVisualStudioVersion = 10.0.40219.1
Project("{FAE04EC0-301F-11D3-BF4B-00C04F79EFBC}") = "16-Atividade", "16-Atividade\16-Atividade.csproj", "{D1215223-0CCE-4A8C-9291-6CDBC878DC48}"
EndProject
Global
	GlobalSection(SolutionConfigurationPlatforms) = preSolution
		Debug|Any CPU = Debug|Any CPU
		Release|Any CPU = Release|Any CPU
	EndGlobalSection
	GlobalSection(ProjectConfigurationPlatforms) = postSolution
		{D1215223-0CCE-4A8C-9291-6CDBC878DC48}.Debug|Any CPU.ActiveCfg = Debug|Any CPU
		{D1215223-0CCE-4A8C-9291-6CDBC878DC48}.Debug|Any CPU.Build.0 = Debug|Any CPU
		{D1215223-0CCE-4A8C-9291-6CDBC878DC48}.Release|Any CPU.ActiveCfg = Release|Any CPU
		{D1215223-0CCE-4A8C-9291-6CDBC878DC48}.Release|Any CPU.Build.0 = Release|Any CPU
	EndGlobalSection
	GlobalSection(SolutionProperties) = preSolution
		HideSolutionNode = FALSE
	EndGlobalSection
	GlobalSection(ExtensibilityGlobals) = postSolution
		SolutionGuid = {587AE4F6-79E9-4E9E-ACB6-975FCDC62352}
	EndGlobalSection
EndGlobal
